
Microsoft Visual Studio Solution File, Format Version 12.00
# Visual Studio Version 16
VisualStudioVersion = 16.0.32126.315
MinimumVisualStudioVersion = 10.0.40219.1
Project("{FAE04EC0-301F-11D3-BF4B-00C04F79EFBC}") = "OrderService", "SagaChoreoDemo\OrderService.csproj", "{66F3000C-E3A4-49B2-AE2C-656B882F5AA7}"
EndProject
Project("{FAE04EC0-301F-11D3-BF4B-00C04F79EFBC}") = "InventoryService", "FunctionApp1\InventoryService.csproj", "{D025277E-F350-46DD-9E9F-989A50972BF1}"
EndProject
Global
	GlobalSection(SolutionConfigurationPlatforms) = preSolution
		Debug|Any CPU = Debug|Any CPU
		Release|Any CPU = Release|Any CPU
	EndGlobalSection
	GlobalSection(ProjectConfigurationPlatforms) = postSolution
		{66F3000C-E3A4-49B2-AE2C-656B882F5AA7}.Debug|Any CPU.ActiveCfg = Debug|Any CPU
		{66F3000C-E3A4-49B2-AE2C-656B882F5AA7}.Debug|Any CPU.Build.0 = Debug|Any CPU
		{66F3000C-E3A4-49B2-AE2C-656B882F5AA7}.Release|Any CPU.ActiveCfg = Release|Any CPU
		{66F3000C-E3A4-49B2-AE2C-656B882F5AA7}.Release|Any CPU.Build.0 = Release|Any CPU
		{D025277E-F350-46DD-9E9F-989A50972BF1}.Debug|Any CPU.ActiveCfg = Debug|Any CPU
		{D025277E-F350-46DD-9E9F-989A50972BF1}.Debug|Any CPU.Build.0 = Debug|Any CPU
		{D025277E-F350-46DD-9E9F-989A50972BF1}.Release|Any CPU.ActiveCfg = Release|Any CPU
		{D025277E-F350-46DD-9E9F-989A50972BF1}.Release|Any CPU.Build.0 = Release|Any CPU
	EndGlobalSection
	GlobalSection(SolutionProperties) = preSolution
		HideSolutionNode = FALSE
	EndGlobalSection
	GlobalSection(ExtensibilityGlobals) = postSolution
		SolutionGuid = {0D098B82-EA7A-4D83-999B-A1F0353F4FD7}
	EndGlobalSection
EndGlobal
